
Microsoft Visual Studio Solution File, Format Version 12.00
# Visual Studio Version 16
VisualStudioVersion = 16.0.30114.105
MinimumVisualStudioVersion = 10.0.40219.1
Project("{888888A0-9F3D-457C-B088-3A5042F75D52}") = "NewsBot 2.0", "NewsBot 2.0.pyproj", "{B771BC39-D11B-422C-952B-04222666DE83}"
EndProject
Global
	GlobalSection(SolutionConfigurationPlatforms) = preSolution
		Debug|Any CPU = Debug|Any CPU
		Release|Any CPU = Release|Any CPU
	EndGlobalSection
	GlobalSection(ProjectConfigurationPlatforms) = postSolution
		{B771BC39-D11B-422C-952B-04222666DE83}.Debug|Any CPU.ActiveCfg = Debug|Any CPU
		{B771BC39-D11B-422C-952B-04222666DE83}.Release|Any CPU.ActiveCfg = Release|Any CPU
	EndGlobalSection
	GlobalSection(SolutionProperties) = preSolution
		HideSolutionNode = FALSE
	EndGlobalSection
	GlobalSection(ExtensibilityGlobals) = postSolution
		SolutionGuid = {DFE1009C-9FEF-408A-88D8-778E67341FC1}
	EndGlobalSection
EndGlobal
